<Solution>
  <Configurations>
    <Platform Name="Win32" />
    <Platform Name="x64" />
  </Configurations>
  <Project Path="Rua.vcxproj" Id="c597d166-43ea-451a-8c01-9784d79cc099">
    <Configurations>
      <Configuration Name="Debug" Platforms="Win32,x64" />
      <Configuration Name="OPT" Platforms="Win32,x64" />
      <Configuration Name="Release" Platforms="Win32,x64" />
    </Configurations>
  </Project>
</Solution>
